
Microsoft Visual Studio Solution File, Format Version 12.00
# Visual Studio Version 17
VisualStudioVersion = 17.10.34607.79
MinimumVisualStudioVersion = 10.0.40219.1
Project("{FAE04EC0-301F-11D3-BF4B-00C04F79EFBC}") = "ViennaDotNet.ApiServer", "ViennaDotNet.ApiServer\ViennaDotNet.ApiServer.csproj", "{8F141F93-780F-48B0-87A0-4C23E44262E0}"
EndProject
Project("{9A19103F-16F7-4668-BE54-9A1E7A4F7556}") = "ViennaDotNet.DB", "ViennaDotNet.DB\ViennaDotNet.DB.csproj", "{DEBF201A-5732-4643-A006-223100B0EE93}"
EndProject
Project("{9A19103F-16F7-4668-BE54-9A1E7A4F7556}") = "ViennaDotNet.Common", "ViennaDotNet.Common\ViennaDotNet.Common.csproj", "{06EE9F84-9B80-44FA-A4FC-D37919466F53}"
EndProject
Project("{FAE04EC0-301F-11D3-BF4B-00C04F79EFBC}") = "ViennaDotNet.EventBus", "ViennaDotNet.EventBus\ViennaDotNet.EventBus.csproj", "{F2DEC19C-36DE-4271-B881-8B2422ECE3BA}"
EndProject
Global
	GlobalSection(SolutionConfigurationPlatforms) = preSolution
		Debug|Any CPU = Debug|Any CPU
		Release|Any CPU = Release|Any CPU
	EndGlobalSection
	GlobalSection(ProjectConfigurationPlatforms) = postSolution
		{8F141F93-780F-48B0-87A0-4C23E44262E0}.Debug|Any CPU.ActiveCfg = Debug|Any CPU
		{8F141F93-780F-48B0-87A0-4C23E44262E0}.Debug|Any CPU.Build.0 = Debug|Any CPU
		{8F141F93-780F-48B0-87A0-4C23E44262E0}.Release|Any CPU.ActiveCfg = Release|Any CPU
		{8F141F93-780F-48B0-87A0-4C23E44262E0}.Release|Any CPU.Build.0 = Release|Any CPU
		{DEBF201A-5732-4643-A006-223100B0EE93}.Debug|Any CPU.ActiveCfg = Debug|Any CPU
		{DEBF201A-5732-4643-A006-223100B0EE93}.Debug|Any CPU.Build.0 = Debug|Any CPU
		{DEBF201A-5732-4643-A006-223100B0EE93}.Release|Any CPU.ActiveCfg = Release|Any CPU
		{DEBF201A-5732-4643-A006-223100B0EE93}.Release|Any CPU.Build.0 = Release|Any CPU
		{06EE9F84-9B80-44FA-A4FC-D37919466F53}.Debug|Any CPU.ActiveCfg = Debug|Any CPU
		{06EE9F84-9B80-44FA-A4FC-D37919466F53}.Debug|Any CPU.Build.0 = Debug|Any CPU
		{06EE9F84-9B80-44FA-A4FC-D37919466F53}.Release|Any CPU.ActiveCfg = Release|Any CPU
		{06EE9F84-9B80-44FA-A4FC-D37919466F53}.Release|Any CPU.Build.0 = Release|Any CPU
		{F2DEC19C-36DE-4271-B881-8B2422ECE3BA}.Debug|Any CPU.ActiveCfg = Debug|Any CPU
		{F2DEC19C-36DE-4271-B881-8B2422ECE3BA}.Debug|Any CPU.Build.0 = Debug|Any CPU
		{F2DEC19C-36DE-4271-B881-8B2422ECE3BA}.Release|Any CPU.ActiveCfg = Release|Any CPU
		{F2DEC19C-36DE-4271-B881-8B2422ECE3BA}.Release|Any CPU.Build.0 = Release|Any CPU
	EndGlobalSection
	GlobalSection(SolutionProperties) = preSolution
		HideSolutionNode = FALSE
	EndGlobalSection
	GlobalSection(ExtensibilityGlobals) = postSolution
		SolutionGuid = {2D49E55E-055A-43D2-83DD-6BFC8EB28A29}
	EndGlobalSection
EndGlobal
